{
  "lockfile_version": "1",
  "packages": {
    "gh@2.87.2": {
      "last_modified": "2026-02-23T15:40:43Z",
      "resolved": "github:NixOS/nixpkgs/80d901ec0377e19ac3f7bb8c035201e2e098cc97#gh",
      "source": "devbox-search",
      "version": "2.87.2",
      "systems": {
        "aarch64-darwin": {
          "outputs": [
            {
              "name": "out",
              "path": "/nix/store/k8cxgqj5b0xkdr1ijf4dc3xn84laxsqg-gh-2.87.2",
              "default": true
            }
          ],
          "store_path": "/nix/store/k8cxgqj5b0xkdr1ijf4dc3xn84laxsqg-gh-2.87.2"
        },
        "aarch64-linux": {
          "outputs": [
            {
              "name": "out",
              "path": "/nix/store/1b5haim3196i8ck1j11gp3hdjcwy47hy-gh-2.87.2",
              "default": true
            }
          ],
          "store_path": "/nix/store/1b5haim3196i8ck1j11gp3hdjcwy47hy-gh-2.87.2"
        },
        "x86_64-darwin": {
          "outputs": [
            {
              "name": "out",
              "path": "/nix/store/2drnvqkyd510mzi2xwi82irnaz6hm6y6-gh-2.87.2",
              "default": true
            }
          ],
          "store_path": "/nix/store/2drnvqkyd510mzi2xwi82irnaz6hm6y6-gh-2.87.2"
        },
        "x86_64-linux": {
          "outputs": [
            {
              "name": "out",
              "path": "/nix/store/bhm6ydxkk0vjqqi76ykdsw36s3rr0rw9-gh-2.87.2",
              "default": true
            }
          ],
          "store_path": "/nix/store/bhm6ydxkk0vjqqi76ykdsw36s3rr0rw9-gh-2.87.2"
        }
      }
    },
    "ginkgo@2.28.1": {
      "last_modified": "2026-01-31T12:06:42Z",
      "resolved": "github:NixOS/nixpkgs/f214de98544a6acf0d9917ba265ac50849048fcb#ginkgo",
      "source": "devbox-search",
      "version": "2.28.1",
      "systems": {
        "aarch64-darwin": {
          "outputs": [
            {
              "name": "out",
              "path": "/nix/store/n559lr9yzsjrja0zf1b0s5pwifplr8lv-ginkgo-2.28.1",
              "default": true
            }
          ],
          "store_path": "/nix/store/n559lr9yzsjrja0zf1b0s5pwifplr8lv-ginkgo-2.28.1"
        },
        "aarch64-linux": {
          "outputs": [
            {
              "name": "out",
              "path": "/nix/store/0xnvx3qk65dwljvfrnflhb22yli8mrns-ginkgo-2.28.1",
              "default": true
            }
          ],
          "store_path": "/nix/store/0xnvx3qk65dwljvfrnflhb22yli8mrns-ginkgo-2.28.1"
        },
        "x86_64-darwin": {
          "outputs": [
            {
              "name": "out",
              "path": "/nix/store/qavqf3v8k2wdr2nq9dv8wl8kzgllaxci-ginkgo-2.28.1",
              "default": true
            }
          ],
          "store_path": "/nix/store/qavqf3v8k2wdr2nq9dv8wl8kzgllaxci-ginkgo-2.28.1"
        },
        "x86_64-linux": {
          "outputs": [
            {
              "name": "out",
              "path": "/nix/store/phiri6api0vqfi8dny2x8bv1fiykq188-ginkgo-2.28.1",
              "default": true
            }
          ],
          "store_path": "/nix/store/phiri6api0vqfi8dny2x8bv1fiykq188-ginkgo-2.28.1"
        }
      }
    },
    "github:NixOS/nixpkgs/nixpkgs-unstable": {
      "last_modified": "2026-02-16T02:09:13Z",
      "resolved": "github:NixOS/nixpkgs/d1c15b7d5806069da59e819999d70e1cec0760bf?lastModified=1771207753&narHash=sha256-b9uG8yN50DRQ6A7JdZBfzq718ryYrlmGgqkRm9OOwCE%3D"
    },
    "gnumake@4.4.1": {
      "last_modified": "2026-01-30T02:32:49Z",
      "resolved": "github:NixOS/nixpkgs/6308c3b21396534d8aaeac46179c14c439a89b8a#gnumake",
      "source": "devbox-search",
      "version": "4.4.1",
      "systems": {
        "aarch64-darwin": {
          "outputs": [
            {
              "name": "out",
              "path": "/nix/store/cz4rjcd28s9qqk2zcnn9d8pgs5l6qqy9-gnumake-4.4.1",
              "default": true
            },
            {
              "name": "man",
              "path": "/nix/store/2cd4idcvj4fnn4ss1ffz9fqagfhvjpy1-gnumake-4.4.1-man",
              "default": true
            },
            {
              "name": "doc",
              "path": "/nix/store/8cnmyqhnlxpl7k9z15cridfdd9kka64b-gnumake-4.4.1-doc"
            },
            {
              "name": "info",
              "path": "/nix/store/jar06k1k53zsig2iah8vaw1y9r0wxa55-gnumake-4.4.1-info"
            }
          ],
          "store_path": "/nix/store/cz4rjcd28s9qqk2zcnn9d8pgs5l6qqy9-gnumake-4.4.1"
        },
        "aarch64-linux": {
          "outputs": [
            {
              "name": "out",
              "path": "/nix/store/z9wllcd2plhx8863ka0zfh0mffxm6jir-gnumake-4.4.1",
              "default": true
            },
            {
              "name": "man",
              "path": "/nix/store/i0rnnv9fm87c0228z34pgvk24ifqn6bm-gnumake-4.4.1-man",
              "default": true
            },
            {
              "name": "debug",
              "path": "/nix/store/4wnafz38wr2jld58vr5j41b6mc4n26r6-gnumake-4.4.1-debug"
            },
            {
              "name": "doc",
              "path": "/nix/store/15r3aanv0lh7mqi1gm3l8blpcnp05qzy-gnumake-4.4.1-doc"
            },
            {
              "name": "info",
              "path": "/nix/store/gjd78rqz1k94n1c2s2kip126f8gjbb6g-gnumake-4.4.1-info"
            }
          ],
          "store_path": "/nix/store/z9wllcd2plhx8863ka0zfh0mffxm6jir-gnumake-4.4.1"
        },
        "x86_64-darwin": {
          "outputs": [
            {
              "name": "out",
              "path": "/nix/store/sqp22z2pm7s7n0wb3al4c3h47shw5aic-gnumake-4.4.1",
              "default": true
            },
            {
              "name": "man",
              "path": "/nix/store/x7p2q0wx9828p9n8r3pisbijncsfphvr-gnumake-4.4.1-man",
              "default": true
            },
            {
              "name": "doc",
              "path": "/nix/store/2kpsfrqzyr0kzckkdjbqnsdcz2d719lk-gnumake-4.4.1-doc"
            },
            {
              "name": "info",
              "path": "/nix/store/jlb9r2mzq8660lhn9my1pgri15jiqljq-gnumake-4.4.1-info"
            }
          ],
          "store_path": "/nix/store/sqp22z2pm7s7n0wb3al4c3h47shw5aic-gnumake-4.4.1"
        },
        "x86_64-linux": {
          "outputs": [
            {
              "name": "out",
              "path": "/nix/store/5lyy21zm97pj8l67r2xapdkxpxb6v6y0-gnumake-4.4.1",
              "default": true
            },
            {
              "name": "man",
              "path": "/nix/store/an38a5jy0ivp1504yjbzgl4prvhjnix7-gnumake-4.4.1-man",
              "default": true
            },
            {
              "name": "debug",
              "path": "/nix/store/fa0f3msdrc5il96nn5qvrbhf6779vvh1-gnumake-4.4.1-debug"
            },
            {
              "name": "doc",
              "path": "/nix/store/j2vz6gm38023yfg359cnawzvabqc0w9v-gnumake-4.4.1-doc"
            },
            {
              "name": "info",
              "path": "/nix/store/2pqq9mdchp0s0cgl1qqql38v502kbdi1-gnumake-4.4.1-info"
            }
          ],
          "store_path": "/nix/store/5lyy21zm97pj8l67r2xapdkxpxb6v6y0-gnumake-4.4.1"
        }
      }
    },
    "go@1.26.0": {
      "last_modified": "2026-02-11T12:16:34Z",
      "resolved": "github:NixOS/nixpkgs/8482c7ded03bae7550f3d69884f1e611e3bd19e8#go_1_26",
      "source": "devbox-search",
      "version": "1.26.0",
      "systems": {
        "aarch64-darwin": {
          "outputs": [
            {
              "name": "out",
              "path": "/nix/store/sz1ry9vf187bzdvsalla73ycxwfjv3pq-go-1.26.0",
              "default": true
            }
          ],
          "store_path": "/nix/store/sz1ry9vf187bzdvsalla73ycxwfjv3pq-go-1.26.0"
        },
        "aarch64-linux": {
          "outputs": [
            {
              "name": "out",
              "path": "/nix/store/1wl6q7df9z3p8gambi2ndp5s5igr4h61-go-1.26.0",
              "default": true
            }
          ],
          "store_path": "/nix/store/1wl6q7df9z3p8gambi2ndp5s5igr4h61-go-1.26.0"
        },
        "x86_64-darwin": {
          "outputs": [
            {
              "name": "out",
              "path": "/nix/store/r5bwcb31acswg4nirdblmz1zzkci6bj3-go-1.26.0",
              "default": true
            }
          ],
          "store_path": "/nix/store/r5bwcb31acswg4nirdblmz1zzkci6bj3-go-1.26.0"
        },
        "x86_64-linux": {
          "outputs": [
            {
              "name": "out",
              "path": "/nix/store/kgwkx0l54snkkgzbmg8cw89i1g8v1dqw-go-1.26.0",
              "default": true
            }
          ],
          "store_path": "/nix/store/kgwkx0l54snkkgzbmg8cw89i1g8v1dqw-go-1.26.0"
        }
      }
    },
    "goimports-reviser@3.11.0": {
      "last_modified": "2026-02-01T05:13:08Z",
      "resolved": "github:NixOS/nixpkgs/207d15f1a6603226e1e223dc79ac29c7846da32e#goimports-reviser",
      "source": "devbox-search",
      "version": "3.11.0",
      "systems": {
        "aarch64-darwin": {
          "outputs": [
            {
              "name": "out",
              "path": "/nix/store/kj2kq3qcvfimzjwx9qjd9b3qpzcfki1v-goimports-reviser-3.11.0",
              "default": true
            }
          ],
          "store_path": "/nix/store/kj2kq3qcvfimzjwx9qjd9b3qpzcfki1v-goimports-reviser-3.11.0"
        },
        "aarch64-linux": {
          "outputs": [
            {
              "name": "out",
              "path": "/nix/store/silbk98a9i9786jrs4hfckz8flfyf2vf-goimports-reviser-3.11.0",
              "default": true
            }
          ],
          "store_path": "/nix/store/silbk98a9i9786jrs4hfckz8flfyf2vf-goimports-reviser-3.11.0"
        },
        "x86_64-darwin": {
          "outputs": [
            {
              "name": "out",
              "path": "/nix/store/h9g6vjmjwymizpk36ml4qjgz73swrn4k-goimports-reviser-3.11.0",
              "default": true
            }
          ],
          "store_path": "/nix/store/h9g6vjmjwymizpk36ml4qjgz73swrn4k-goimports-reviser-3.11.0"
        },
        "x86_64-linux": {
          "outputs": [
            {
              "name": "out",
              "path": "/nix/store/gyrn1s55vjq20x01nsjyig44nx79c88p-goimports-reviser-3.11.0",
              "default": true
            }
          ],
          "store_path": "/nix/store/gyrn1s55vjq20x01nsjyig44nx79c88p-goimports-reviser-3.11.0"
        }
      }
    },
    "golangci-lint@2.9.0": {
      "last_modified": "2026-02-11T21:01:36Z",
      "resolved": "github:NixOS/nixpkgs/2343bbb58f99267223bc2aac4fc9ea301a155a16#golangci-lint",
      "source": "devbox-search",
      "version": "2.9.0",
      "systems": {
        "aarch64-darwin": {
          "outputs": [
            {
              "name": "out",
              "path": "/nix/store/d58cy4knp90177kgyjw76qlgxwrmz39r-golangci-lint-2.9.0",
              "default": true
            }
          ],
          "store_path": "/nix/store/d58cy4knp90177kgyjw76qlgxwrmz39r-golangci-lint-2.9.0"
        },
        "aarch64-linux": {
          "outputs": [
            {
              "name": "out",
              "path": "/nix/store/0pmkfq41ay1hdz64lkvfqxyfd41ir1k6-golangci-lint-2.9.0",
              "default": true
            }
          ],
          "store_path": "/nix/store/0pmkfq41ay1hdz64lkvfqxyfd41ir1k6-golangci-lint-2.9.0"
        },
        "x86_64-darwin": {
          "outputs": [
            {
              "name": "out",
              "path": "/nix/store/c2aa1drrmj4ahhcg87nm2arlh9gv4s5y-golangci-lint-2.9.0",
              "default": true
            }
          ],
          "store_path": "/nix/store/c2aa1drrmj4ahhcg87nm2arlh9gv4s5y-golangci-lint-2.9.0"
        },
        "x86_64-linux": {
          "outputs": [
            {
              "name": "out",
              "path": "/nix/store/z4hziw97m0z1zlrn27pyk53s13czn1gi-golangci-lint-2.9.0",
              "default": true
            }
          ],
          "store_path": "/nix/store/z4hziw97m0z1zlrn27pyk53s13czn1gi-golangci-lint-2.9.0"
        }
      }
    },
    "pipenv@2026.0.3": {
      "last_modified": "2026-02-06T12:24:04Z",
      "resolved": "github:NixOS/nixpkgs/ae67888ff7ef9dff69b3cf0cc0fbfbcd3a722abe#pipenv",
      "source": "devbox-search",
      "version": "2026.0.3",
      "systems": {
        "aarch64-darwin": {
          "outputs": [
            {
              "name": "out",
              "path": "/nix/store/h616la9f9k12358jv69bfk88kh9jglz2-pipenv-2026.0.3",
              "default": true
            },
            {
              "name": "dist",
              "path": "/nix/store/872ng5i4x43p0lnf5klgpnnszv3vc7xm-pipenv-2026.0.3-dist"
            }
          ],
          "store_path": "/nix/store/h616la9f9k12358jv69bfk88kh9jglz2-pipenv-2026.0.3"
        },
        "aarch64-linux": {
          "outputs": [
            {
              "name": "out",
              "path": "/nix/store/3lqhgg1lfvwshi2qlzn9n4yvqja1qzk5-pipenv-2026.0.3",
              "default": true
            },
            {
              "name": "dist",
              "path": "/nix/store/sfr2mqhpiv9qfpr02aw55vi5c0ks2gm4-pipenv-2026.0.3-dist"
            }
          ],
          "store_path": "/nix/store/3lqhgg1lfvwshi2qlzn9n4yvqja1qzk5-pipenv-2026.0.3"
        },
        "x86_64-darwin": {
          "outputs": [
            {
              "name": "out",
              "path": "/nix/store/5kp97kc23mj3lwgy17wyd92r3s8bljs0-pipenv-2026.0.3",
              "default": true
            },
            {
              "name": "dist",
              "path": "/nix/store/3gb3xavjyva3slw2z3shcy0n03psbz9a-pipenv-2026.0.3-dist"
            }
          ],
          "store_path": "/nix/store/5kp97kc23mj3lwgy17wyd92r3s8bljs0-pipenv-2026.0.3"
        },
        "x86_64-linux": {
          "outputs": [
            {
              "name": "out",
              "path": "/nix/store/dbsivg7vskmvxaqhsxgk9xjwpg19vpby-pipenv-2026.0.3",
              "default": true
            },
            {
              "name": "dist",
              "path": "/nix/store/wysbgcd9zi75dkqbiv6v8cqjj710wn2b-pipenv-2026.0.3-dist"
            }
          ],
          "store_path": "/nix/store/dbsivg7vskmvxaqhsxgk9xjwpg19vpby-pipenv-2026.0.3"
        }
      }
    },
    "python@3.14.2": {
      "last_modified": "2026-01-23T17:20:52Z",
      "plugin_version": "0.0.4",
      "resolved": "github:NixOS/nixpkgs/a1bab9e494f5f4939442a57a58d0449a109593fe#python314",
      "source": "devbox-search",
      "version": "3.14.2",
      "systems": {
        "aarch64-darwin": {
          "outputs": [
            {
              "name": "out",
              "path": "/nix/store/8bwmgvfcyys3kfia055ih7gask3fid7s-python3-3.14.2",
              "default": true
            }
          ],
          "store_path": "/nix/store/8bwmgvfcyys3kfia055ih7gask3fid7s-python3-3.14.2"
        },
        "aarch64-linux": {
          "outputs": [
            {
              "name": "out",
              "path": "/nix/store/9zj2a40gbfh9scynfmfs1s9wx2q01yv3-python3-3.14.2",
              "default": true
            },
            {
              "name": "debug",
              "path": "/nix/store/j8ryg1l3z8ibf9rn848y1vll0f0wcab7-python3-3.14.2-debug"
            }
          ],
          "store_path": "/nix/store/9zj2a40gbfh9scynfmfs1s9wx2q01yv3-python3-3.14.2"
        },
        "x86_64-darwin": {
          "outputs": [
            {
              "name": "out",
              "path": "/nix/store/0mnhsagxg8cp6cr9g0fz2dihw469ih8s-python3-3.14.2",
              "default": true
            }
          ],
          "store_path": "/nix/store/0mnhsagxg8cp6cr9g0fz2dihw469ih8s-python3-3.14.2"
        },
        "x86_64-linux": {
          "outputs": [
            {
              "name": "out",
              "path": "/nix/store/hd3h6gjpy7pf5himwf8sfqb3108pz5ld-python3-3.14.2",
              "default": true
            },
            {
              "name": "debug",
              "path": "/nix/store/2wvc4f32yycchbip56mlxixjm2sdzw2y-python3-3.14.2-debug"
            }
          ],
          "store_path": "/nix/store/hd3h6gjpy7pf5himwf8sfqb3108pz5ld-python3-3.14.2"
        }
      }
    }
  }
}
